
Microsoft Visual Studio Solution File, Format Version 12.00
# Visual Studio Version 16
VisualStudioVersion = 16.0.30309.148
MinimumVisualStudioVersion = 10.0.40219.1
Project("{FAE04EC0-301F-11D3-BF4B-00C04F79EFBC}") = "WebAPI", "WebAPI\WebAPI.csproj", "{416EAAB3-56E2-4D34-A569-99166241B28E}"
EndProject
Global
	GlobalSection(SolutionConfigurationPlatforms) = preSolution
		Debug|Any CPU = Debug|Any CPU
		Release|Any CPU = Release|Any CPU
	EndGlobalSection
	GlobalSection(ProjectConfigurationPlatforms) = postSolution
		{416EAAB3-56E2-4D34-A569-99166241B28E}.Debug|Any CPU.ActiveCfg = Debug|Any CPU
		{416EAAB3-56E2-4D34-A569-99166241B28E}.Debug|Any CPU.Build.0 = Debug|Any CPU
		{416EAAB3-56E2-4D34-A569-99166241B28E}.Release|Any CPU.ActiveCfg = Release|Any CPU
		{416EAAB3-56E2-4D34-A569-99166241B28E}.Release|Any CPU.Build.0 = Release|Any CPU
	EndGlobalSection
	GlobalSection(SolutionProperties) = preSolution
		HideSolutionNode = FALSE
	EndGlobalSection
	GlobalSection(ExtensibilityGlobals) = postSolution
		SolutionGuid = {81A67619-5FD0-4278-BB1F-A77D3344B2C4}
	EndGlobalSection
EndGlobal
